
Microsoft Visual Studio Solution File, Format Version 12.00
# Visual Studio Version 17
VisualStudioVersion = 17.6.33829.357
MinimumVisualStudioVersion = 10.0.40219.1
Project("{FAE04EC0-301F-11D3-BF4B-00C04F79EFBC}") = "TrackerLibrary", "TrackerLibrary\TrackerLibrary.csproj", "{5E064480-CF32-407B-81C8-F02EBDD1F41F}"
EndProject
Project("{FAE04EC0-301F-11D3-BF4B-00C04F79EFBC}") = "TrackerUi", "TrackerUi\TrackerUi.csproj", "{3FB4AB9D-0310-43A7-B9FB-1D54BBE24BA9}"
EndProject
Global
	GlobalSection(SolutionConfigurationPlatforms) = preSolution
		Debug|Any CPU = Debug|Any CPU
		Debug|x64 = Debug|x64
		Release|Any CPU = Release|Any CPU
		Release|x64 = Release|x64
	EndGlobalSection
	GlobalSection(ProjectConfigurationPlatforms) = postSolution
		{5E064480-CF32-407B-81C8-F02EBDD1F41F}.Debug|Any CPU.ActiveCfg = Debug|Any CPU
		{5E064480-CF32-407B-81C8-F02EBDD1F41F}.Debug|Any CPU.Build.0 = Debug|Any CPU
		{5E064480-CF32-407B-81C8-F02EBDD1F41F}.Debug|x64.ActiveCfg = Debug|x64
		{5E064480-CF32-407B-81C8-F02EBDD1F41F}.Debug|x64.Build.0 = Debug|x64
		{5E064480-CF32-407B-81C8-F02EBDD1F41F}.Release|Any CPU.ActiveCfg = Release|Any CPU
		{5E064480-CF32-407B-81C8-F02EBDD1F41F}.Release|Any CPU.Build.0 = Release|Any CPU
		{5E064480-CF32-407B-81C8-F02EBDD1F41F}.Release|x64.ActiveCfg = Release|x64
		{5E064480-CF32-407B-81C8-F02EBDD1F41F}.Release|x64.Build.0 = Release|x64
		{3FB4AB9D-0310-43A7-B9FB-1D54BBE24BA9}.Debug|Any CPU.ActiveCfg = Debug|Any CPU
		{3FB4AB9D-0310-43A7-B9FB-1D54BBE24BA9}.Debug|Any CPU.Build.0 = Debug|Any CPU
		{3FB4AB9D-0310-43A7-B9FB-1D54BBE24BA9}.Debug|x64.ActiveCfg = Debug|Any CPU
		{3FB4AB9D-0310-43A7-B9FB-1D54BBE24BA9}.Debug|x64.Build.0 = Debug|Any CPU
		{3FB4AB9D-0310-43A7-B9FB-1D54BBE24BA9}.Release|Any CPU.ActiveCfg = Release|Any CPU
		{3FB4AB9D-0310-43A7-B9FB-1D54BBE24BA9}.Release|Any CPU.Build.0 = Release|Any CPU
		{3FB4AB9D-0310-43A7-B9FB-1D54BBE24BA9}.Release|x64.ActiveCfg = Release|Any CPU
		{3FB4AB9D-0310-43A7-B9FB-1D54BBE24BA9}.Release|x64.Build.0 = Release|Any CPU
	EndGlobalSection
	GlobalSection(SolutionProperties) = preSolution
		HideSolutionNode = FALSE
	EndGlobalSection
	GlobalSection(ExtensibilityGlobals) = postSolution
		SolutionGuid = {32F91C6A-8699-4CE1-9C8E-AE3D1A3E9608}
	EndGlobalSection
EndGlobal
